
Microsoft Visual Studio Solution File, Format Version 12.00
# Visual Studio Version 16
VisualStudioVersion = 16.0.810.8
MinimumVisualStudioVersion = 10.0.40219.1
Project("{FAE04EC0-301F-11D3-BF4B-00C04F79EFBC}") = "HowTo.Android", "HowTo.Android\HowTo.Android.csproj", "{884D0A94-8B9F-4C49-BE91-1E940038C8C7}"
EndProject
Project("{FAE04EC0-301F-11D3-BF4B-00C04F79EFBC}") = "HowTo.iOS", "HowTo.iOS\HowTo.iOS.csproj", "{B6CD9CF5-8ABB-4D37-9BBD-30510EE4E8D2}"
EndProject
Project("{FAE04EC0-301F-11D3-BF4B-00C04F79EFBC}") = "HowTo", "HowTo\HowTo.csproj", "{C9AC6D60-9838-48A9-A248-9DD191ACAF2C}"
EndProject
Global
	GlobalSection(SolutionConfigurationPlatforms) = preSolution
		Debug|Any CPU = Debug|Any CPU
		Release|Any CPU = Release|Any CPU
		Debug|iPhoneSimulator = Debug|iPhoneSimulator
		Release|iPhoneSimulator = Release|iPhoneSimulator
		Debug|iPhone = Debug|iPhone
		Release|iPhone = Release|iPhone
	EndGlobalSection
	GlobalSection(ProjectConfigurationPlatforms) = postSolution
		{884D0A94-8B9F-4C49-BE91-1E940038C8C7}.Debug|Any CPU.ActiveCfg = Debug|Any CPU
		{884D0A94-8B9F-4C49-BE91-1E940038C8C7}.Debug|Any CPU.Build.0 = Debug|Any CPU
		{884D0A94-8B9F-4C49-BE91-1E940038C8C7}.Release|Any CPU.ActiveCfg = Release|Any CPU
		{884D0A94-8B9F-4C49-BE91-1E940038C8C7}.Release|Any CPU.Build.0 = Release|Any CPU
		{884D0A94-8B9F-4C49-BE91-1E940038C8C7}.Debug|iPhoneSimulator.ActiveCfg = Debug|Any CPU
		{884D0A94-8B9F-4C49-BE91-1E940038C8C7}.Debug|iPhoneSimulator.Build.0 = Debug|Any CPU
		{884D0A94-8B9F-4C49-BE91-1E940038C8C7}.Release|iPhoneSimulator.ActiveCfg = Release|Any CPU
		{884D0A94-8B9F-4C49-BE91-1E940038C8C7}.Release|iPhoneSimulator.Build.0 = Release|Any CPU
		{884D0A94-8B9F-4C49-BE91-1E940038C8C7}.Debug|iPhone.ActiveCfg = Debug|Any CPU
		{884D0A94-8B9F-4C49-BE91-1E940038C8C7}.Debug|iPhone.Build.0 = Debug|Any CPU
		{884D0A94-8B9F-4C49-BE91-1E940038C8C7}.Release|iPhone.ActiveCfg = Release|Any CPU
		{884D0A94-8B9F-4C49-BE91-1E940038C8C7}.Release|iPhone.Build.0 = Release|Any CPU
		{B6CD9CF5-8ABB-4D37-9BBD-30510EE4E8D2}.Debug|Any CPU.ActiveCfg = Debug|iPhoneSimulator
		{B6CD9CF5-8ABB-4D37-9BBD-30510EE4E8D2}.Debug|Any CPU.Build.0 = Debug|iPhoneSimulator
		{B6CD9CF5-8ABB-4D37-9BBD-30510EE4E8D2}.Release|Any CPU.ActiveCfg = Release|iPhoneSimulator
		{B6CD9CF5-8ABB-4D37-9BBD-30510EE4E8D2}.Release|Any CPU.Build.0 = Release|iPhoneSimulator
		{B6CD9CF5-8ABB-4D37-9BBD-30510EE4E8D2}.Debug|iPhoneSimulator.ActiveCfg = Debug|iPhoneSimulator
		{B6CD9CF5-8ABB-4D37-9BBD-30510EE4E8D2}.Debug|iPhoneSimulator.Build.0 = Debug|iPhoneSimulator
		{B6CD9CF5-8ABB-4D37-9BBD-30510EE4E8D2}.Release|iPhoneSimulator.ActiveCfg = Release|iPhoneSimulator
		{B6CD9CF5-8ABB-4D37-9BBD-30510EE4E8D2}.Release|iPhoneSimulator.Build.0 = Release|iPhoneSimulator
		{B6CD9CF5-8ABB-4D37-9BBD-30510EE4E8D2}.Debug|iPhone.ActiveCfg = Debug|iPhone
		{B6CD9CF5-8ABB-4D37-9BBD-30510EE4E8D2}.Debug|iPhone.Build.0 = Debug|iPhone
		{B6CD9CF5-8ABB-4D37-9BBD-30510EE4E8D2}.Release|iPhone.ActiveCfg = Release|iPhone
		{B6CD9CF5-8ABB-4D37-9BBD-30510EE4E8D2}.Release|iPhone.Build.0 = Release|iPhone
		{C9AC6D60-9838-48A9-A248-9DD191ACAF2C}.Debug|Any CPU.ActiveCfg = Debug|Any CPU
		{C9AC6D60-9838-48A9-A248-9DD191ACAF2C}.Debug|Any CPU.Build.0 = Debug|Any CPU
		{C9AC6D60-9838-48A9-A248-9DD191ACAF2C}.Release|Any CPU.ActiveCfg = Release|Any CPU
		{C9AC6D60-9838-48A9-A248-9DD191ACAF2C}.Release|Any CPU.Build.0 = Release|Any CPU
		{C9AC6D60-9838-48A9-A248-9DD191ACAF2C}.Debug|iPhoneSimulator.ActiveCfg = Debug|Any CPU
		{C9AC6D60-9838-48A9-A248-9DD191ACAF2C}.Debug|iPhoneSimulator.Build.0 = Debug|Any CPU
		{C9AC6D60-9838-48A9-A248-9DD191ACAF2C}.Release|iPhoneSimulator.ActiveCfg = Release|Any CPU
		{C9AC6D60-9838-48A9-A248-9DD191ACAF2C}.Release|iPhoneSimulator.Build.0 = Release|Any CPU
		{C9AC6D60-9838-48A9-A248-9DD191ACAF2C}.Debug|iPhone.ActiveCfg = Debug|Any CPU
		{C9AC6D60-9838-48A9-A248-9DD191ACAF2C}.Debug|iPhone.Build.0 = Debug|Any CPU
		{C9AC6D60-9838-48A9-A248-9DD191ACAF2C}.Release|iPhone.ActiveCfg = Release|Any CPU
		{C9AC6D60-9838-48A9-A248-9DD191ACAF2C}.Release|iPhone.Build.0 = Release|Any CPU
	EndGlobalSection
	GlobalSection(SolutionProperties) = preSolution
		HideSolutionNode = FALSE
	EndGlobalSection
	GlobalSection(ExtensibilityGlobals) = postSolution
		SolutionGuid = {7B71656B-49E6-4C22-AED9-1A4444701E7E}
	EndGlobalSection
EndGlobal
